# THIS IS AN AUTOGENERATED FILE. DO NOT EDIT THIS FILE DIRECTLY.
# yarn lockfile v1


"@eliaspourquoi/heritage@^0.1.9":
  version "0.1.9"
  resolved "https://registry.yarnpkg.com/@eliaspourquoi/heritage/-/heritage-0.1.9.tgz#9d996daccd53cb599e84cf165a907fc102f85c5b"
  integrity sha512-S+bpLdGqaH05+EfUTGfvq72wR8dKVn+VwHVQbqlElIiVKnf0uEjjOEpUaw3Og3deZGzSScxZGV/ReMKBNQGPEA==
  dependencies:
    acorn "^7.2.0"
    node-fetch "^2.6.0"

"@peculiar/asn1-schema@^2.0.1", "@peculiar/asn1-schema@^2.0.3":
  version "2.0.3"
  resolved "https://registry.yarnpkg.com/@peculiar/asn1-schema/-/asn1-schema-2.0.3.tgz#c6c097e842ebb8a07d198b68cd49f2cf9f3571b5"
  integrity sha512-STqC+Tfx2dTiIGRmokjsKOeqsfhoV6WaBwFr7BVicSfHLAVSPrZXiugyD8AELrjQdJ9INWpL3N7YSJyU5a1ZwA==
  dependencies:
    "@types/asn1js" "^0.0.1"
    asn1js "^2.0.26"
    pvtsutils "^1.0.10"
    tslib "^1.11.1"

"@peculiar/json-schema@^1.1.10":
  version "1.1.10"
  resolved "https://registry.yarnpkg.com/@peculiar/json-schema/-/json-schema-1.1.10.tgz#d772b4323c9a4b5352b5ad52dc821a07b0db4877"
  integrity sha512-kbpnG9CkF1y6wwGkW7YtSA+yYK4X5uk4rAwsd1hxiaYE3Hkw2EsGlbGh/COkMLyFf+Fe830BoFiMSB3QnC/ItA==
  dependencies:
    tslib "^1.11.1"

"@peculiar/webcrypto@^1.1.1":
  version "1.1.1"
  resolved "https://registry.yarnpkg.com/@peculiar/webcrypto/-/webcrypto-1.1.1.tgz#4c7498e4861878e299ef058bce1208a4d063d0ff"
  integrity sha512-Bu2XgOvzirnLcojZYs4KQ8hOLf2ETpa0NL6btQt5NgsAwctI6yVkzgYP+EcG7Mm579RBP+V0LM5rXyMlTVx23A==
  dependencies:
    "@peculiar/asn1-schema" "^2.0.3"
    "@peculiar/json-schema" "^1.1.10"
    pvtsutils "^1.0.10"
    tslib "^1.11.2"
    webcrypto-core "^1.1.0"

"@types/asn1js@^0.0.1":
  version "0.0.1"
  resolved "https://registry.yarnpkg.com/@types/asn1js/-/asn1js-0.0.1.tgz#ef8b9f9708cb1632a1c3a9cd27717caabe793bc2"
  integrity sha1-74uflwjLFjKhw6nNJ3F8qr55O8I=
  dependencies:
    "@types/pvutils" "*"

"@types/pvutils@*":
  version "0.0.2"
  resolved "https://registry.yarnpkg.com/@types/pvutils/-/pvutils-0.0.2.tgz#e21684962cfa58ac920fd576d90556032dc86009"
  integrity sha512-CgQAm7pjyeF3Gnv78ty4RBVIfluB+Td+2DR8iPaU0prF18pkzptHHP+DoKPfpsJYknKsVZyVsJEu5AuGgAqQ5w==

acorn@^7.2.0:
  version "7.2.0"
  resolved "https://registry.yarnpkg.com/acorn/-/acorn-7.2.0.tgz#17ea7e40d7c8640ff54a694c889c26f31704effe"
  integrity sha512-apwXVmYVpQ34m/i71vrApRrRKCWQnZZF1+npOD0WV5xZFfwWOmKGQ2RWlfdy9vWITsenisM8M0Qeq8agcFHNiQ==

addressparser@^0.3.2:
  version "0.3.2"
  resolved "https://registry.yarnpkg.com/addressparser/-/addressparser-0.3.2.tgz#59873f35e8fcf6c7361c10239261d76e15348bb2"
  integrity sha1-WYc/Nej89sc2HBAjkmHXbhU0i7I=

asn1js@^2.0.26:
  version "2.0.26"
  resolved "https://registry.yarnpkg.com/asn1js/-/asn1js-2.0.26.tgz#0a6d435000f556a96c6012969d9704d981b71251"
  integrity sha512-yG89F0j9B4B0MKIcFyWWxnpZPLaNTjCj4tkE3fjbAoo0qmpGw0PYYqSbX/4ebnd9Icn8ZgK4K1fvDyEtW1JYtQ==
  dependencies:
    pvutils latest

base64-js@^1.0.2:
  version "1.3.1"
  resolved "https://registry.yarnpkg.com/base64-js/-/base64-js-1.3.1.tgz#58ece8cb75dd07e71ed08c736abc5fac4dbf8df1"
  integrity sha512-mLQ4i2QO1ytvGWFWmcngKO//JXAQueZvwEKtjgQFM4jIK0kU+ytMfplL8j+n5mspOfjHwoAg+9yhb7BwAHm36g==

buffer@^5.4.3:
  version "5.6.0"
  resolved "https://registry.yarnpkg.com/buffer/-/buffer-5.6.0.tgz#a31749dc7d81d84db08abf937b6b8c4033f62786"
  integrity sha512-/gDYp/UtU0eA1ys8bOs9J6a+E/KWIY+DZ+Q2WESNUA0jFRsJOc0SNUO6xJ5SGA1xueg3NL65W6s+NY5l9cunuw==
  dependencies:
    base64-js "^1.0.2"
    ieee754 "^1.1.4"

emailjs-base64@^1.1.4:
  version "1.1.4"
  resolved "https://registry.yarnpkg.com/emailjs-base64/-/emailjs-base64-1.1.4.tgz#392fa38cb6aa35dccd3af3637ffc14c1c7ce9612"
  integrity sha512-4h0xp1jgVTnIQBHxSJWXWanNnmuc5o+k4aHEpcLXSToN8asjB5qbXAexs7+PEsUKcEyBteNYsSvXUndYT2CGGA==

emailjs-mime-codec@^2.0.7:
  version "2.0.9"
  resolved "https://registry.yarnpkg.com/emailjs-mime-codec/-/emailjs-mime-codec-2.0.9.tgz#d184451b6f2e55c5868b0f0a82d18fe2b82f0c97"
  integrity sha512-7qJo4pFGcKlWh/kCeNjmcgj34YoJWY0ekZXEHYtluWg4MVBnXqGM4CRMtZQkfYwitOhUgaKN5EQktJddi/YIDQ==
  dependencies:
    emailjs-base64 "^1.1.4"
    ramda "^0.26.1"
    text-encoding "^0.7.0"

emailjs@^2.2.0:
  version "2.2.0"
  resolved "https://registry.yarnpkg.com/emailjs/-/emailjs-2.2.0.tgz#ba5b23e4a4b0a4510f652e873b154e9407b6ca03"
  integrity sha1-ulsj5KSwpFEPZS6HOxVOlAe2ygM=
  dependencies:
    addressparser "^0.3.2"
    emailjs-mime-codec "^2.0.7"

esbuild@^0.2.11:
  version "0.2.12"
  resolved "https://registry.yarnpkg.com/esbuild/-/esbuild-0.2.12.tgz#77db901f471de7e8732729ff928ffc12687be453"
  integrity sha512-+PMODPa6MshZlZryeNeXxqdHF2A4phUe1AIBDAPqgHWAe5N/9IqrmCcE6RVDei0caMV7D9EBMEuY/X8+Wp5xiw==

esdev@^0.1.1:
  version "0.1.1"
  resolved "https://registry.yarnpkg.com/esdev/-/esdev-0.1.1.tgz#0240b7b816c55fa58ff2408e272fd9334c3e7090"
  integrity sha512-51W+T+9ZcyF3plJZZY/5jH62hbc79pGYsZ3NL5Jug6qc4T8L/uZ18hoApvCULVnWYYSfSUwWTBU2D8uCty0qNA==
  dependencies:
    acorn "^7.2.0"
    esbuild "^0.2.11"
    mime "^2.4.5"
    servor "^3.3.1"

gun@^0.2020.520:
  version "0.2020.520"
  resolved "https://registry.yarnpkg.com/gun/-/gun-0.2020.520.tgz#3bf7c9c0c83ba04aee94c0157c4d4e0a64e865ad"
  integrity sha512-hMDmj4QQnejweZEy4njbyNlll+GO7H8XIq/SdQ23kFV29B6HqA0+bQmhLCxWKLwQvfRXx9SgSXG/ImGrER/CqQ==
  dependencies:
    ws "^7.2.1"
  optionalDependencies:
    "@peculiar/webcrypto" "^1.1.1"
    buffer "^5.4.3"
    emailjs "^2.2.0"
    text-encoding "^0.7.0"

ieee754@^1.1.4:
  version "1.1.13"
  resolved "https://registry.yarnpkg.com/ieee754/-/ieee754-1.1.13.tgz#ec168558e95aa181fd87d37f55c32bbcb6708b84"
  integrity sha512-4vf7I2LYV/HaWerSo3XmlMkp5eZ83i+/CDluXi/IGTs/O1sejBNhTtnxzmRZfvOUqj7lZjqHkeTvpgSFDlWZTg==

mime@^2.4.5:
  version "2.4.5"
  resolved "https://registry.yarnpkg.com/mime/-/mime-2.4.5.tgz#d8de2ecb92982dedbb6541c9b6841d7f218ea009"
  integrity sha512-3hQhEUF027BuxZjQA3s7rIv/7VCQPa27hN9u9g87sEkWaKwQPuXOkVKtOeiyUrnWqTDiOs8Ed2rwg733mB0R5w==

node-fetch@^2.6.0:
  version "2.6.0"
  resolved "https://registry.yarnpkg.com/node-fetch/-/node-fetch-2.6.0.tgz#e633456386d4aa55863f676a7ab0daa8fdecb0fd"
  integrity sha512-8dG4H5ujfvFiqDmVu9fQ5bOHUC15JMjMY/Zumv26oOvvVJjM67KF8koCWIabKQ1GJIa9r2mMZscBq/TbdOcmNA==

preact@^10.4.4:
  version "10.4.4"
  resolved "https://registry.yarnpkg.com/preact/-/preact-10.4.4.tgz#0bd6d759ec2f8684aaf8c63c7f076191e46528cf"
  integrity sha512-EaTJrerceyAPatQ+vfnadoopsMBZAOY7ak9ogVdUi5xbpR8SoHgtLryXnW+4mQOwt21icqoVR1brkU2dq7pEBA==

pvtsutils@^1.0.10:
  version "1.0.10"
  resolved "https://registry.yarnpkg.com/pvtsutils/-/pvtsutils-1.0.10.tgz#157d0fcb853f570d32e0f8788179f3057eacdf38"
  integrity sha512-8ZKQcxnZKTn+fpDh7wL4yKax5fdl3UJzT8Jv49djZpB/dzPxacyN1Sez90b6YLdOmvIr9vaySJ5gw4aUA1EdSw==
  dependencies:
    tslib "^1.10.0"

pvutils@latest:
  version "1.0.17"
  resolved "https://registry.yarnpkg.com/pvutils/-/pvutils-1.0.17.tgz#ade3c74dfe7178944fe44806626bd2e249d996bf"
  integrity sha512-wLHYUQxWaXVQvKnwIDWFVKDJku9XDCvyhhxoq8dc5MFdIlRenyPI9eSfEtcvgHgD7FlvCyGAlWgOzRnZD99GZQ==

ramda@^0.26.1:
  version "0.26.1"
  resolved "https://registry.yarnpkg.com/ramda/-/ramda-0.26.1.tgz#8d41351eb8111c55353617fc3bbffad8e4d35d06"
  integrity sha512-hLWjpy7EnsDBb0p+Z3B7rPi3GDeRG5ZtiI33kJhTt+ORCd38AbAIjB/9zRIUoeTbE/AVX5ZkU7m6bznsvrf8eQ==

servor@^3.3.1:
  version "3.3.1"
  resolved "https://registry.yarnpkg.com/servor/-/servor-3.3.1.tgz#6862a9016837c5bd8c7ab20c05c775d72dfceab2"
  integrity sha512-3597Ob1ZKGzRYNZSgD/LSpiQcj3JRN6MvIDFUxkcwtWwUvXkrskhPT3Z5FiFFS3RIG0Je94x56Y9AfvY+mcvgA==

text-encoding@^0.7.0:
  version "0.7.0"
  resolved "https://registry.yarnpkg.com/text-encoding/-/text-encoding-0.7.0.tgz#f895e836e45990624086601798ea98e8f36ee643"
  integrity sha512-oJQ3f1hrOnbRLOcwKz0Liq2IcrvDeZRHXhd9RgLrsT+DjWY/nty1Hi7v3dtkaEYbPYe0mUoOfzRrMwfXXwgPUA==

tslib@^1.10.0, tslib@^1.11.1, tslib@^1.11.2:
  version "1.13.0"
  resolved "https://registry.yarnpkg.com/tslib/-/tslib-1.13.0.tgz#c881e13cc7015894ed914862d276436fa9a47043"
  integrity sha512-i/6DQjL8Xf3be4K/E6Wgpekn5Qasl1usyw++dAA35Ue5orEn65VIxOA+YvNNl9HV3qv70T7CNwjODHZrLwvd1Q==

webcrypto-core@^1.1.0:
  version "1.1.1"
  resolved "https://registry.yarnpkg.com/webcrypto-core/-/webcrypto-core-1.1.1.tgz#c9cd26f8dea696d7b5f5c1b0598ff16e6bdcab7c"
  integrity sha512-xK61sFRUyZdSAJG7+bJox36+Tnhxw1PaMbmrLLp30HNTJ4mffqsY2jUMlmGq6OOoej3WO/SsH5serzlzBMZ+jg==
  dependencies:
    "@peculiar/asn1-schema" "^2.0.1"
    "@peculiar/json-schema" "^1.1.10"
    asn1js "^2.0.26"
    pvtsutils "^1.0.10"
    tslib "^1.11.2"

wouter-preact@^2.4.0:
  version "2.4.0"
  resolved "https://registry.yarnpkg.com/wouter-preact/-/wouter-preact-2.4.0.tgz#7e9bef3293408b1fc2fe1346da08152dffbce850"
  integrity sha512-QdqZpG3F5C3MHrQf04sGyEF9ZbTeD+ShnlxiOzc33XTRri3hXe+eVXlvyem4IOr4YnKwhx3klu8ti3ItQiQGVQ==

ws@^7.2.1:
  version "7.3.0"
  resolved "https://registry.yarnpkg.com/ws/-/ws-7.3.0.tgz#4b2f7f219b3d3737bc1a2fbf145d825b94d38ffd"
  integrity sha512-iFtXzngZVXPGgpTlP1rBqsUK82p9tKqsWRPg5L56egiljujJT3vGAYnHANvFxBieXrTFavhzhxW52jnaWV+w2w==
